{
  "name": "vanillacookieconsent",
  "lockfileVersion": 3,
  "requires": true,
  "packages": {
    "": {
      "dependencies": {
        "vanilla-cookieconsent": "^3.1.0"
      }
    },
    "node_modules/vanilla-cookieconsent": {
      "version": "3.1.0",
      "resolved": "https://registry.npmjs.org/vanilla-cookieconsent/-/vanilla-cookieconsent-3.1.0.tgz",
      "integrity": "sha512-/McNRtm/3IXzb9dhqMIcbquoU45SzbN2VB+To4jxEPqMmp7uVniP6BhGLjU8MC7ZCDsNQVOp27fhQTM/ruIXAA==",
      "license": "MIT"
    }
  }
}
