{
  "name": "iframemanager",
  "lockfileVersion": 3,
  "requires": true,
  "packages": {
    "": {
      "dependencies": {
        "@orestbida/iframemanager": "^1.3.0"
      }
    },
    "node_modules/@orestbida/iframemanager": {
      "version": "1.3.0",
      "resolved": "https://registry.npmjs.org/@orestbida/iframemanager/-/iframemanager-1.3.0.tgz",
      "integrity": "sha512-hhLS9FJrN3sW/B3U2AbtCKsdiD/XzSVld/hnKkP8hcdBo3BW+98+LFbJL68Cghuay0/fxJpScJSrGb7MFrgjQQ==",
      "license": "MIT"
    }
  }
}
